
Microsoft Visual Studio Solution File, Format Version 12.00
# Visual Studio 15
VisualStudioVersion = 15.0.27703.2035
MinimumVisualStudioVersion = 10.0.40219.1
Project("{FAE04EC0-301F-11D3-BF4B-00C04F79EFBC}") = "CarList", "CarList.prj\CarList.csproj", "{6B832F69-900F-4A8B-822B-B6E4359D7F30}"
EndProject
Project("{FAE04EC0-301F-11D3-BF4B-00C04F79EFBC}") = "CarList.Framework", "CarList.Framework.prj\CarList.Framework.csproj", "{FAB1EC0C-031F-423D-B9ED-B5096415EFD7}"
EndProject
Project("{FAE04EC0-301F-11D3-BF4B-00C04F79EFBC}") = "CarList.Datastorage", "CarList.Datastorage\CarList.Datastorage.csproj", "{FE605AFB-AAC6-47E1-AD32-9527FFC30238}"
EndProject
Global
	GlobalSection(SolutionConfigurationPlatforms) = preSolution
		Debug|Any CPU = Debug|Any CPU
		Release|Any CPU = Release|Any CPU
	EndGlobalSection
	GlobalSection(ProjectConfigurationPlatforms) = postSolution
		{6B832F69-900F-4A8B-822B-B6E4359D7F30}.Debug|Any CPU.ActiveCfg = Debug|Any CPU
		{6B832F69-900F-4A8B-822B-B6E4359D7F30}.Debug|Any CPU.Build.0 = Debug|Any CPU
		{6B832F69-900F-4A8B-822B-B6E4359D7F30}.Release|Any CPU.ActiveCfg = Release|Any CPU
		{6B832F69-900F-4A8B-822B-B6E4359D7F30}.Release|Any CPU.Build.0 = Release|Any CPU
		{FAB1EC0C-031F-423D-B9ED-B5096415EFD7}.Debug|Any CPU.ActiveCfg = Debug|Any CPU
		{FAB1EC0C-031F-423D-B9ED-B5096415EFD7}.Debug|Any CPU.Build.0 = Debug|Any CPU
		{FAB1EC0C-031F-423D-B9ED-B5096415EFD7}.Release|Any CPU.ActiveCfg = Release|Any CPU
		{FAB1EC0C-031F-423D-B9ED-B5096415EFD7}.Release|Any CPU.Build.0 = Release|Any CPU
		{FE605AFB-AAC6-47E1-AD32-9527FFC30238}.Debug|Any CPU.ActiveCfg = Debug|Any CPU
		{FE605AFB-AAC6-47E1-AD32-9527FFC30238}.Debug|Any CPU.Build.0 = Debug|Any CPU
		{FE605AFB-AAC6-47E1-AD32-9527FFC30238}.Release|Any CPU.ActiveCfg = Release|Any CPU
		{FE605AFB-AAC6-47E1-AD32-9527FFC30238}.Release|Any CPU.Build.0 = Release|Any CPU
	EndGlobalSection
	GlobalSection(SolutionProperties) = preSolution
		HideSolutionNode = FALSE
	EndGlobalSection
	GlobalSection(ExtensibilityGlobals) = postSolution
		SolutionGuid = {73536DA8-9550-4687-9E3D-553F7B9226CF}
	EndGlobalSection
EndGlobal
